
Microsoft Visual Studio Solution File, Format Version 12.00
Project("{2150E333-8FDC-42A3-9474-1A3956D46DE8}") = "Web", "Web", "{8EABEF60-4E05-4507-A7FD-BFA4E6FB082C}"
EndProject
Project("{FAE04EC0-301F-11D3-BF4B-00C04F79EFBC}") = "AuthWebServer", "AuthWebServer\AuthWebServer.csproj", "{C7B7454E-FCCA-44FE-AC63-56530DC4819B}"
EndProject
Project("{FAE04EC0-301F-11D3-BF4B-00C04F79EFBC}") = "Model", "Model\Model.csproj", "{4BC7B026-0915-45E6-8BA3-DE8540A66DC8}"
EndProject
Project("{FAE04EC0-301F-11D3-BF4B-00C04F79EFBC}") = "Packages", "Packages\Packages.csproj", "{0F4072A2-004C-41EF-B567-6616D2CBF810}"
EndProject
Project("{FAE04EC0-301F-11D3-BF4B-00C04F79EFBC}") = "ClassLibrary", "ClassLibrary\ClassLibrary.csproj", "{4BFA8A80-1B7A-4FF8-9334-27322747BB09}"
EndProject
Global
	GlobalSection(SolutionConfigurationPlatforms) = preSolution
		Debug|Any CPU = Debug|Any CPU
		Release|Any CPU = Release|Any CPU
	EndGlobalSection
	GlobalSection(ProjectConfigurationPlatforms) = postSolution
		{C7B7454E-FCCA-44FE-AC63-56530DC4819B}.Debug|Any CPU.ActiveCfg = Debug|Any CPU
		{C7B7454E-FCCA-44FE-AC63-56530DC4819B}.Debug|Any CPU.Build.0 = Debug|Any CPU
		{C7B7454E-FCCA-44FE-AC63-56530DC4819B}.Release|Any CPU.ActiveCfg = Release|Any CPU
		{C7B7454E-FCCA-44FE-AC63-56530DC4819B}.Release|Any CPU.Build.0 = Release|Any CPU
		{4BC7B026-0915-45E6-8BA3-DE8540A66DC8}.Debug|Any CPU.ActiveCfg = Debug|Any CPU
		{4BC7B026-0915-45E6-8BA3-DE8540A66DC8}.Debug|Any CPU.Build.0 = Debug|Any CPU
		{4BC7B026-0915-45E6-8BA3-DE8540A66DC8}.Release|Any CPU.ActiveCfg = Release|Any CPU
		{4BC7B026-0915-45E6-8BA3-DE8540A66DC8}.Release|Any CPU.Build.0 = Release|Any CPU
		{0F4072A2-004C-41EF-B567-6616D2CBF810}.Debug|Any CPU.ActiveCfg = Debug|Any CPU
		{0F4072A2-004C-41EF-B567-6616D2CBF810}.Debug|Any CPU.Build.0 = Debug|Any CPU
		{0F4072A2-004C-41EF-B567-6616D2CBF810}.Release|Any CPU.ActiveCfg = Release|Any CPU
		{0F4072A2-004C-41EF-B567-6616D2CBF810}.Release|Any CPU.Build.0 = Release|Any CPU
		{4BFA8A80-1B7A-4FF8-9334-27322747BB09}.Debug|Any CPU.ActiveCfg = Debug|Any CPU
		{4BFA8A80-1B7A-4FF8-9334-27322747BB09}.Debug|Any CPU.Build.0 = Debug|Any CPU
		{4BFA8A80-1B7A-4FF8-9334-27322747BB09}.Release|Any CPU.ActiveCfg = Release|Any CPU
		{4BFA8A80-1B7A-4FF8-9334-27322747BB09}.Release|Any CPU.Build.0 = Release|Any CPU
	EndGlobalSection
EndGlobal
